// !$*UTF8*$!
{
	archiveVersion = 1;
	classes = {
	};
	objectVersion = 56;
	objects = {

/* Begin PBXBuildFile section */
		112CB6132C6D574E00095416 /* ImagePickerViewModel.swift in Sources */ = {isa = PBXBuildFile; fileRef = 112CB6122C6D574E00095416 /* ImagePickerViewModel.swift */; };
		112CB6172C6D5FF400095416 /* ImagePicker.swift in Sources */ = {isa = PBXBuildFile; fileRef = 112CB6162C6D5FF400095416 /* ImagePicker.swift */; };
		112CB61C2C6D6B3100095416 /* Config.plist in Resources */ = {isa = PBXBuildFile; fileRef = 112CB61B2C6D6B3100095416 /* Config.plist */; };
		112CB61E2C6D6BA700095416 /* Config.swift in Sources */ = {isa = PBXBuildFile; fileRef = 112CB61D2C6D6BA700095416 /* Config.swift */; };
		11C3BF052C6C62D100080EBC /* Skin_Cancer_ClassificationApp.swift in Sources */ = {isa = PBXBuildFile; fileRef = 11C3BF042C6C62D100080EBC /* Skin_Cancer_ClassificationApp.swift */; };
		11C3BF072C6C62D100080EBC /* MainView.swift in Sources */ = {isa = PBXBuildFile; fileRef = 11C3BF062C6C62D100080EBC /* MainView.swift */; };
		11C3BF092C6C62D300080EBC /* Assets.xcassets in Resources */ = {isa = PBXBuildFile; fileRef = 11C3BF082C6C62D300080EBC /* Assets.xcassets */; };
		11C3BF0C2C6C62D300080EBC /* Preview Assets.xcassets in Resources */ = {isa = PBXBuildFile; fileRef = 11C3BF0B2C6C62D300080EBC /* Preview Assets.xcassets */; };
/* End PBXBuildFile section */

/* Begin PBXFileReference section */
		112CB6122C6D574E00095416 /* ImagePickerViewModel.swift */ = {isa = PBXFileReference; lastKnownFileType = sourcecode.swift; path = ImagePickerViewModel.swift; sourceTree = "<group>"; };
		112CB6162C6D5FF400095416 /* ImagePicker.swift */ = {isa = PBXFileReference; lastKnownFileType = sourcecode.swift; path = ImagePicker.swift; sourceTree = "<group>"; };
		112CB61B2C6D6B3100095416 /* Config.plist */ = {isa = PBXFileReference; lastKnownFileType = text.plist.xml; path = Config.plist; sourceTree = "<group>"; };
		112CB61D2C6D6BA700095416 /* Config.swift */ = {isa = PBXFileReference; lastKnownFileType = sourcecode.swift; path = Config.swift; sourceTree = "<group>"; };
		11C3BF012C6C62D100080EBC /* Skin-Cancer-Classification.app */ = {isa = PBXFileReference; explicitFileType = wrapper.application; includeInIndex = 0; path = "Skin-Cancer-Classification.app"; sourceTree = BUILT_PRODUCTS_DIR; };
		11C3BF042C6C62D100080EBC /* Skin_Cancer_ClassificationApp.swift */ = {isa = PBXFileReference; lastKnownFileType = sourcecode.swift; path = Skin_Cancer_ClassificationApp.swift; sourceTree = "<group>"; };
		11C3BF062C6C62D100080EBC /* MainView.swift */ = {isa = PBXFileReference; lastKnownFileType = sourcecode.swift; path = MainView.swift; sourceTree = "<group>"; };
		11C3BF082C6C62D300080EBC /* Assets.xcassets */ = {isa = PBXFileReference; lastKnownFileType = folder.assetcatalog; path = Assets.xcassets; sourceTree = "<group>"; };
		11C3BF0B2C6C62D300080EBC /* Preview Assets.xcassets */ = {isa = PBXFileReference; lastKnownFileType = folder.assetcatalog; path = "Preview Assets.xcassets"; sourceTree = "<group>"; };
/* End PBXFileReference section */

/* Begin PBXFrameworksBuildPhase section */
		11C3BEFE2C6C62D100080EBC /* Frameworks */ = {
			isa = PBXFrameworksBuildPhase;
			buildActionMask = 2147483647;
			files = (
			);
			runOnlyForDeploymentPostprocessing = 0;
		};
/* End PBXFrameworksBuildPhase section */

/* Begin PBXGroup section */
		112CB60C2C6D528000095416 /* Models */ = {
			isa = PBXGroup;
			children = (
				112CB61D2C6D6BA700095416 /* Config.swift */,
			);
			path = Models;
			sourceTree = "<group>";
		};
		112CB60D2C6D529000095416 /* Other */ = {
			isa = PBXGroup;
			children = (
			);
			path = Other;
			sourceTree = "<group>";
		};
		112CB60E2C6D529C00095416 /* ViewModels */ = {
			isa = PBXGroup;
			children = (
				11C3BF042C6C62D100080EBC /* Skin_Cancer_ClassificationApp.swift */,
				112CB6122C6D574E00095416 /* ImagePickerViewModel.swift */,
			);
			path = ViewModels;
			sourceTree = "<group>";
		};
		112CB60F2C6D52A600095416 /* Views */ = {
			isa = PBXGroup;
			children = (
				11C3BF062C6C62D100080EBC /* MainView.swift */,
				112CB6162C6D5FF400095416 /* ImagePicker.swift */,
			);
			path = Views;
			sourceTree = "<group>";
		};
		11C3BEF82C6C62D100080EBC = {
			isa = PBXGroup;
			children = (
				11C3BF032C6C62D100080EBC /* Skin-Cancer-Classification */,
				11C3BF022C6C62D100080EBC /* Products */,
			);
			sourceTree = "<group>";
		};
		11C3BF022C6C62D100080EBC /* Products */ = {
			isa = PBXGroup;
			children = (
				11C3BF012C6C62D100080EBC /* Skin-Cancer-Classification.app */,
			);
			name = Products;
			sourceTree = "<group>";
		};
		11C3BF032C6C62D100080EBC /* Skin-Cancer-Classification */ = {
			isa = PBXGroup;
			children = (
				112CB60F2C6D52A600095416 /* Views */,
				112CB60E2C6D529C00095416 /* ViewModels */,
				112CB60D2C6D529000095416 /* Other */,
				112CB60C2C6D528000095416 /* Models */,
				11C3BF082C6C62D300080EBC /* Assets.xcassets */,
				11C3BF0A2C6C62D300080EBC /* Preview Content */,
				112CB61B2C6D6B3100095416 /* Config.plist */,
			);
			path = "Skin-Cancer-Classification";
			sourceTree = "<group>";
		};
		11C3BF0A2C6C62D300080EBC /* Preview Content */ = {
			isa = PBXGroup;
			children = (
				11C3BF0B2C6C62D300080EBC /* Preview Assets.xcassets */,
			);
			path = "Preview Content";
			sourceTree = "<group>";
		};
/* End PBXGroup section */

/* Begin PBXNativeTarget section */
		11C3BF002C6C62D100080EBC /* Skin-Cancer-Classification */ = {
			isa = PBXNativeTarget;
			buildConfigurationList = 11C3BF0F2C6C62D300080EBC /* Build configuration list for PBXNativeTarget "Skin-Cancer-Classification" */;
			buildPhases = (
				11C3BEFD2C6C62D100080EBC /* Sources */,
				11C3BEFE2C6C62D100080EBC /* Frameworks */,
				11C3BEFF2C6C62D100080EBC /* Resources */,
			);
			buildRules = (
			);
			dependencies = (
			);
			name = "Skin-Cancer-Classification";
			productName = "Skin-Cancer-Classification";
			productReference = 11C3BF012C6C62D100080EBC /* Skin-Cancer-Classification.app */;
			productType = "com.apple.product-type.application";
		};
/* End PBXNativeTarget section */

/* Begin PBXProject section */
		11C3BEF92C6C62D100080EBC /* Project object */ = {
			isa = PBXProject;
			attributes = {
				BuildIndependentTargetsInParallel = 1;
				LastSwiftUpdateCheck = 1520;
				LastUpgradeCheck = 1520;
				TargetAttributes = {
					11C3BF002C6C62D100080EBC = {
						CreatedOnToolsVersion = 15.2;
					};
				};
			};
			buildConfigurationList = 11C3BEFC2C6C62D100080EBC /* Build configuration list for PBXProject "Skin-Cancer-Classification" */;
			compatibilityVersion = "Xcode 14.0";
			developmentRegion = en;
			hasScannedForEncodings = 0;
			knownRegions = (
				en,
				Base,
			);
			mainGroup = 11C3BEF82C6C62D100080EBC;
			productRefGroup = 11C3BF022C6C62D100080EBC /* Products */;
			projectDirPath = "";
			projectRoot = "";
			targets = (
				11C3BF002C6C62D100080EBC /* Skin-Cancer-Classification */,
			);
		};
/* End PBXProject section */

/* Begin PBXResourcesBuildPhase section */
		11C3BEFF2C6C62D100080EBC /* Resources */ = {
			isa = PBXResourcesBuildPhase;
			buildActionMask = 2147483647;
			files = (
				11C3BF0C2C6C62D300080EBC /* Preview Assets.xcassets in Resources */,
				112CB61C2C6D6B3100095416 /* Config.plist in Resources */,
				11C3BF092C6C62D300080EBC /* Assets.xcassets in Resources */,
			);
			runOnlyForDeploymentPostprocessing = 0;
		};
/* End PBXResourcesBuildPhase section */

/* Begin PBXSourcesBuildPhase section */
		11C3BEFD2C6C62D100080EBC /* Sources */ = {
			isa = PBXSourcesBuildPhase;
			buildActionMask = 2147483647;
			files = (
				112CB6172C6D5FF400095416 /* ImagePicker.swift in Sources */,
				11C3BF072C6C62D100080EBC /* MainView.swift in Sources */,
				112CB61E2C6D6BA700095416 /* Config.swift in Sources */,
				11C3BF052C6C62D100080EBC /* Skin_Cancer_ClassificationApp.swift in Sources */,
				112CB6132C6D574E00095416 /* ImagePickerViewModel.swift in Sources */,
			);
			runOnlyForDeploymentPostprocessing = 0;
		};
/* End PBXSourcesBuildPhase section */

/* Begin XCBuildConfiguration section */
		11C3BF0D2C6C62D300080EBC /* Debug */ = {
			isa = XCBuildConfiguration;
			buildSettings = {
				ALWAYS_SEARCH_USER_PATHS = NO;
				ASSETCATALOG_COMPILER_GENERATE_SWIFT_ASSET_SYMBOL_EXTENSIONS = YES;
				CLANG_ANALYZER_NONNULL = YES;
				CLANG_ANALYZER_NUMBER_OBJECT_CONVERSION = YES_AGGRESSIVE;
				CLANG_CXX_LANGUAGE_STANDARD = "gnu++20";
				CLANG_ENABLE_MODULES = YES;
				CLANG_ENABLE_OBJC_ARC = YES;
				CLANG_ENABLE_OBJC_WEAK = YES;
				CLANG_WARN_BLOCK_CAPTURE_AUTORELEASING = YES;
				CLANG_WARN_BOOL_CONVERSION = YES;
				CLANG_WARN_COMMA = YES;
				CLANG_WARN_CONSTANT_CONVERSION = YES;
				CLANG_WARN_DEPRECATED_OBJC_IMPLEMENTATIONS = YES;
				CLANG_WARN_DIRECT_OBJC_ISA_USAGE = YES_ERROR;
				CLANG_WARN_DOCUMENTATION_COMMENTS = YES;
				CLANG_WARN_EMPTY_BODY = YES;
				CLANG_WARN_ENUM_CONVERSION = YES;
				CLANG_WARN_INFINITE_RECURSION = YES;
				CLANG_WARN_INT_CONVERSION = YES;
				CLANG_WARN_NON_LITERAL_NULL_CONVERSION = YES;
				CLANG_WARN_OBJC_IMPLICIT_RETAIN_SELF = YES;
				CLANG_WARN_OBJC_LITERAL_CONVERSION = YES;
				CLANG_WARN_OBJC_ROOT_CLASS = YES_ERROR;
				CLANG_WARN_QUOTED_INCLUDE_IN_FRAMEWORK_HEADER = YES;
				CLANG_WARN_RANGE_LOOP_ANALYSIS = YES;
				CLANG_WARN_STRICT_PROTOTYPES = YES;
				CLANG_WARN_SUSPICIOUS_MOVE = YES;
				CLANG_WARN_UNGUARDED_AVAILABILITY = YES_AGGRESSIVE;
				CLANG_WARN_UNREACHABLE_CODE = YES;
				CLANG_WARN__DUPLICATE_METHOD_MATCH = YES;
				COPY_PHASE_STRIP = NO;
				DEBUG_INFORMATION_FORMAT = dwarf;
				ENABLE_STRICT_OBJC_MSGSEND = YES;
				ENABLE_TESTABILITY = YES;
				ENABLE_USER_SCRIPT_SANDBOXING = YES;
				GCC_C_LANGUAGE_STANDARD = gnu17;
				GCC_DYNAMIC_NO_PIC = NO;
				GCC_NO_COMMON_BLOCKS = YES;
				GCC_OPTIMIZATION_LEVEL = 0;
				GCC_PREPROCESSOR_DEFINITIONS = (
					"DEBUG=1",
					"$(inherited)",
				);
				GCC_WARN_64_TO_32_BIT_CONVERSION = YES;
				GCC_WARN_ABOUT_RETURN_TYPE = YES_ERROR;
				GCC_WARN_UNDECLARED_SELECTOR = YES;
				GCC_WARN_UNINITIALIZED_AUTOS = YES_AGGRESSIVE;
				GCC_WARN_UNUSED_FUNCTION = YES;
				GCC_WARN_UNUSED_VARIABLE = YES;
				IPHONEOS_DEPLOYMENT_TARGET = 17.2;
				LOCALIZATION_PREFERS_STRING_CATALOGS = YES;
				MTL_ENABLE_DEBUG_INFO = INCLUDE_SOURCE;
				MTL_FAST_MATH = YES;
				ONLY_ACTIVE_ARCH = YES;
				SDKROOT = iphoneos;
				SWIFT_ACTIVE_COMPILATION_CONDITIONS = "DEBUG $(inherited)";
				SWIFT_OPTIMIZATION_LEVEL = "-Onone";
			};
			name = Debug;
		};
		11C3BF0E2C6C62D300080EBC /* Release */ = {
			isa = XCBuildConfiguration;
			buildSettings = {
				ALWAYS_SEARCH_USER_PATHS = NO;
				ASSETCATALOG_COMPILER_GENERATE_SWIFT_ASSET_SYMBOL_EXTENSIONS = YES;
				CLANG_ANALYZER_NONNULL = YES;
				CLANG_ANALYZER_NUMBER_OBJECT_CONVERSION = YES_AGGRESSIVE;
				CLANG_CXX_LANGUAGE_STANDARD = "gnu++20";
				CLANG_ENABLE_MODULES = YES;
				CLANG_ENABLE_OBJC_ARC = YES;
				CLANG_ENABLE_OBJC_WEAK = YES;
				CLANG_WARN_BLOCK_CAPTURE_AUTORELEASING = YES;
				CLANG_WARN_BOOL_CONVERSION = YES;
				CLANG_WARN_COMMA = YES;
				CLANG_WARN_CONSTANT_CONVERSION = YES;
				CLANG_WARN_DEPRECATED_OBJC_IMPLEMENTATIONS = YES;
				CLANG_WARN_DIRECT_OBJC_ISA_USAGE = YES_ERROR;
				CLANG_WARN_DOCUMENTATION_COMMENTS = YES;
				CLANG_WARN_EMPTY_BODY = YES;
				CLANG_WARN_ENUM_CONVERSION = YES;
				CLANG_WARN_INFINITE_RECURSION = YES;
				CLANG_WARN_INT_CONVERSION = YES;
				CLANG_WARN_NON_LITERAL_NULL_CONVERSION = YES;
				CLANG_WARN_OBJC_IMPLICIT_RETAIN_SELF = YES;
				CLANG_WARN_OBJC_LITERAL_CONVERSION = YES;
				CLANG_WARN_OBJC_ROOT_CLASS = YES_ERROR;
				CLANG_WARN_QUOTED_INCLUDE_IN_FRAMEWORK_HEADER = YES;
				CLANG_WARN_RANGE_LOOP_ANALYSIS = YES;
				CLANG_WARN_STRICT_PROTOTYPES = YES;
				CLANG_WARN_SUSPICIOUS_MOVE = YES;
				CLANG_WARN_UNGUARDED_AVAILABILITY = YES_AGGRESSIVE;
				CLANG_WARN_UNREACHABLE_CODE = YES;
				CLANG_WARN__DUPLICATE_METHOD_MATCH = YES;
				COPY_PHASE_STRIP = NO;
				DEBUG_INFORMATION_FORMAT = "dwarf-with-dsym";
				ENABLE_NS_ASSERTIONS = NO;
				ENABLE_STRICT_OBJC_MSGSEND = YES;
				ENABLE_USER_SCRIPT_SANDBOXING = YES;
				GCC_C_LANGUAGE_STANDARD = gnu17;
				GCC_NO_COMMON_BLOCKS = YES;
				GCC_WARN_64_TO_32_BIT_CONVERSION = YES;
				GCC_WARN_ABOUT_RETURN_TYPE = YES_ERROR;
				GCC_WARN_UNDECLARED_SELECTOR = YES;
				GCC_WARN_UNINITIALIZED_AUTOS = YES_AGGRESSIVE;
				GCC_WARN_UNUSED_FUNCTION = YES;
				GCC_WARN_UNUSED_VARIABLE = YES;
				IPHONEOS_DEPLOYMENT_TARGET = 17.2;
				LOCALIZATION_PREFERS_STRING_CATALOGS = YES;
				MTL_ENABLE_DEBUG_INFO = NO;
				MTL_FAST_MATH = YES;
				SDKROOT = iphoneos;
				SWIFT_COMPILATION_MODE = wholemodule;
				VALIDATE_PRODUCT = YES;
			};
			name = Release;
		};
		11C3BF102C6C62D300080EBC /* Debug */ = {
			isa = XCBuildConfiguration;
			buildSettings = {
				ASSETCATALOG_COMPILER_APPICON_NAME = AppIcon;
				ASSETCATALOG_COMPILER_GLOBAL_ACCENT_COLOR_NAME = AccentColor;
				CODE_SIGN_STYLE = Automatic;
				CURRENT_PROJECT_VERSION = 1;
				DEVELOPMENT_ASSET_PATHS = "\"Skin-Cancer-Classification/Preview Content\"";
				DEVELOPMENT_TEAM = 387WCLY7FK;
				ENABLE_PREVIEWS = YES;
				GENERATE_INFOPLIST_FILE = YES;
				INFOPLIST_KEY_UIApplicationSceneManifest_Generation = YES;
				INFOPLIST_KEY_UIApplicationSupportsIndirectInputEvents = YES;
				INFOPLIST_KEY_UILaunchScreen_Generation = YES;
				INFOPLIST_KEY_UISupportedInterfaceOrientations_iPad = "UIInterfaceOrientationPortrait UIInterfaceOrientationPortraitUpsideDown UIInterfaceOrientationLandscapeLeft UIInterfaceOrientationLandscapeRight";
				INFOPLIST_KEY_UISupportedInterfaceOrientations_iPhone = "UIInterfaceOrientationPortrait UIInterfaceOrientationLandscapeLeft UIInterfaceOrientationLandscapeRight";
				LD_RUNPATH_SEARCH_PATHS = (
					"$(inherited)",
					"@executable_path/Frameworks",
				);
				MARKETING_VERSION = 1.0;
				PRODUCT_BUNDLE_IDENTIFIER = "com.ThomasQi.Skin-Cancer-Classification";
				PRODUCT_NAME = "$(TARGET_NAME)";
				SWIFT_EMIT_LOC_STRINGS = YES;
				SWIFT_VERSION = 5.0;
				TARGETED_DEVICE_FAMILY = "1,2";
			};
			name = Debug;
		};
		11C3BF112C6C62D300080EBC /* Release */ = {
			isa = XCBuildConfiguration;
			buildSettings = {
				ASSETCATALOG_COMPILER_APPICON_NAME = AppIcon;
				ASSETCATALOG_COMPILER_GLOBAL_ACCENT_COLOR_NAME = AccentColor;
				CODE_SIGN_STYLE = Automatic;
				CURRENT_PROJECT_VERSION = 1;
				DEVELOPMENT_ASSET_PATHS = "\"Skin-Cancer-Classification/Preview Content\"";
				DEVELOPMENT_TEAM = 387WCLY7FK;
				ENABLE_PREVIEWS = YES;
				GENERATE_INFOPLIST_FILE = YES;
				INFOPLIST_KEY_UIApplicationSceneManifest_Generation = YES;
				INFOPLIST_KEY_UIApplicationSupportsIndirectInputEvents = YES;
				INFOPLIST_KEY_UILaunchScreen_Generation = YES;
				INFOPLIST_KEY_UISupportedInterfaceOrientations_iPad = "UIInterfaceOrientationPortrait UIInterfaceOrientationPortraitUpsideDown UIInterfaceOrientationLandscapeLeft UIInterfaceOrientationLandscapeRight";
				INFOPLIST_KEY_UISupportedInterfaceOrientations_iPhone = "UIInterfaceOrientationPortrait UIInterfaceOrientationLandscapeLeft UIInterfaceOrientationLandscapeRight";
				LD_RUNPATH_SEARCH_PATHS = (
					"$(inherited)",
					"@executable_path/Frameworks",
				);
				MARKETING_VERSION = 1.0;
				PRODUCT_BUNDLE_IDENTIFIER = "com.ThomasQi.Skin-Cancer-Classification";
				PRODUCT_NAME = "$(TARGET_NAME)";
				SWIFT_EMIT_LOC_STRINGS = YES;
				SWIFT_VERSION = 5.0;
				TARGETED_DEVICE_FAMILY = "1,2";
			};
			name = Release;
		};
/* End XCBuildConfiguration section */

/* Begin XCConfigurationList section */
		11C3BEFC2C6C62D100080EBC /* Build configuration list for PBXProject "Skin-Cancer-Classification" */ = {
			isa = XCConfigurationList;
			buildConfigurations = (
				11C3BF0D2C6C62D300080EBC /* Debug */,
				11C3BF0E2C6C62D300080EBC /* Release */,
			);
			defaultConfigurationIsVisible = 0;
			defaultConfigurationName = Release;
		};
		11C3BF0F2C6C62D300080EBC /* Build configuration list for PBXNativeTarget "Skin-Cancer-Classification" */ = {
			isa = XCConfigurationList;
			buildConfigurations = (
				11C3BF102C6C62D300080EBC /* Debug */,
				11C3BF112C6C62D300080EBC /* Release */,
			);
			defaultConfigurationIsVisible = 0;
			defaultConfigurationName = Release;
		};
/* End XCConfigurationList section */
	};
	rootObject = 11C3BEF92C6C62D100080EBC /* Project object */;
}
